{
  "name": "@ionic-super-tabs/core",
  "version": "6.0.0-beta.9",
  "lockfileVersion": 1,
  "requires": true,
  "dependencies": {
    "@ionic/core": {
      "version": "4.4.2",
      "resolved": "https://registry.npmjs.org/@ionic/core/-/core-4.4.2.tgz",
      "integrity": "sha512-B6cA8Nz29hB+FxRHZ78em1Zlo2r1NqTl6HfiIA8lQtfI9tj4VQe7R1mF/Qb9jaati1U2k4eaHbxiwJ50Hez/4w==",
      "dev": true,
      "requires": {
        "ionicons": "4.5.8"
      }
    },
    "@stencil/core": {
      "version": "1.0.0",
      "resolved": "https://registry.npmjs.org/@stencil/core/-/core-1.0.0.tgz",
      "integrity": "sha512-Ygap25A4sqq5ihF23//BuMFigQd+SJatgqVxGsa7UgFrMLJRptJI2Ztt+yLic4oSxbHkcRL3/OrSdUkZzaystw==",
      "dev": true,
      "requires": {
        "typescript": "3.5.1"
      }
    },
    "@stencil/sass": {
      "version": "0.2.3",
      "resolved": "https://registry.npmjs.org/@stencil/sass/-/sass-0.2.3.tgz",
      "integrity": "sha512-JmS0HQVZ+TuBdk+kvNkDJPQYLjC/sc3Ionsbo7/MccdSu7JLikdQ4JOdQClDMdaMV2m4jqHjlQMpxMtOWLf7CQ==",
      "dev": true
    },
    "@stencil/utils": {
      "version": "0.0.5",
      "resolved": "https://registry.npmjs.org/@stencil/utils/-/utils-0.0.5.tgz",
      "integrity": "sha512-YOmrMgSTzGZtC2hSrD7vXWIerhEcxzUu+pdKQ2wev4QO8O++WR1lZydFTfFgsA+NSCn6RYzPmhbGOrs9+PBw6Q==",
      "dev": true
    },
    "ionicons": {
      "version": "4.5.8",
      "resolved": "https://registry.npmjs.org/ionicons/-/ionicons-4.5.8.tgz",
      "integrity": "sha512-Zib/fFGHt+r9tWrvZnrxVj22cO4NVj+ZOb76v5yiOyvb0LSTbbReECDg7lEU8e+YR69qCtWHruStJ+b4G/OWxg==",
      "dev": true
    },
    "typescript": {
      "version": "3.5.1",
      "resolved": "https://registry.npmjs.org/typescript/-/typescript-3.5.1.tgz",
      "integrity": "sha512-64HkdiRv1yYZsSe4xC1WVgamNigVYjlssIoaH2HcZF0+ijsk5YK2g0G34w9wJkze8+5ow4STd22AynfO6ZYYLw==",
      "dev": true
    }
  }
}
