{
  "name": "@ionic-super-tabs/core",
  "version": "6.0.0-beta.11",
  "lockfileVersion": 1,
  "requires": true,
  "dependencies": {
    "@ionic/core": {
      "version": "4.6.0-dev.201906131724.645b9a9",
      "resolved": "https://registry.npmjs.org/@ionic/core/-/core-4.6.0-dev.201906131724.645b9a9.tgz",
      "integrity": "sha512-ieyLsHIf8nPorcbCZoleM7smKeo1AQ4skaQ7nHo7dJwj999ODkiJJR4sofrEncjVIUTGsf9rm2ldtL94Mdk5kQ==",
      "dev": true,
      "requires": {
        "ionicons": "4.5.9-1",
        "tslib": "^1.10.0"
      }
    },
    "@stencil/core": {
      "version": "1.2.4",
      "resolved": "https://registry.npmjs.org/@stencil/core/-/core-1.2.4.tgz",
      "integrity": "sha512-2T2He4tHHagA7Y8WDh5iWDTtBLSUWZjfp7MA8RgPlT5aDuyo5C0+gSHASnQL2QkM+rrvTywSXhfj0X/QPss4Jw==",
      "dev": true,
      "requires": {
        "typescript": "3.5.3"
      }
    },
    "@stencil/sass": {
      "version": "1.0.1",
      "resolved": "https://registry.npmjs.org/@stencil/sass/-/sass-1.0.1.tgz",
      "integrity": "sha512-3vmF8zir9FcVY/tYW0/V/pWrYSU684eASmALL2v29PGJvX6/CXh9n8LF7Jy95SpJPij3lisIUXLls7edXy2hYg==",
      "dev": true
    },
    "@stencil/utils": {
      "version": "0.0.5",
      "resolved": "https://registry.npmjs.org/@stencil/utils/-/utils-0.0.5.tgz",
      "integrity": "sha512-YOmrMgSTzGZtC2hSrD7vXWIerhEcxzUu+pdKQ2wev4QO8O++WR1lZydFTfFgsA+NSCn6RYzPmhbGOrs9+PBw6Q==",
      "dev": true
    },
    "ionicons": {
      "version": "4.5.9-1",
      "resolved": "https://registry.npmjs.org/ionicons/-/ionicons-4.5.9-1.tgz",
      "integrity": "sha512-jR95cFGkPwNoH3MmoMF7qO+wMRgr7RdDG4Zuy+3WA6dnochfaZ1BisIC1TB3XLydy5cShxAK5eHqaSHcRkUHPQ==",
      "dev": true
    },
    "tslib": {
      "version": "1.10.0",
      "resolved": "https://registry.npmjs.org/tslib/-/tslib-1.10.0.tgz",
      "integrity": "sha512-qOebF53frne81cf0S9B41ByenJ3/IuH8yJKngAX35CmiZySA0khhkovshKK+jGCaMnVomla7gVlIcc3EvKPbTQ==",
      "dev": true
    },
    "typescript": {
      "version": "3.5.3",
      "resolved": "https://registry.npmjs.org/typescript/-/typescript-3.5.3.tgz",
      "integrity": "sha512-ACzBtm/PhXBDId6a6sDJfroT2pOWt/oOnk4/dElG5G33ZL776N3Y6/6bKZJBFpd+b05F3Ct9qDjMeJmRWtE2/g==",
      "dev": true
    }
  }
}
